
Microsoft Visual Studio Solution File, Format Version 12.00
# Visual Studio 15
VisualStudioVersion = 15.0.28010.2019
MinimumVisualStudioVersion = 10.0.40219.1
Project("{FAE04EC0-301F-11D3-BF4B-00C04F79EFBC}") = "MokP3", "MokP3\MokP3.csproj", "{2043306E-AB8D-4D1E-81FC-D759FE4B0556}"
EndProject
Global
	GlobalSection(SolutionConfigurationPlatforms) = preSolution
		Debug|Any CPU = Debug|Any CPU
		Release|Any CPU = Release|Any CPU
	EndGlobalSection
	GlobalSection(ProjectConfigurationPlatforms) = postSolution
		{2043306E-AB8D-4D1E-81FC-D759FE4B0556}.Debug|Any CPU.ActiveCfg = Debug|Any CPU
		{2043306E-AB8D-4D1E-81FC-D759FE4B0556}.Debug|Any CPU.Build.0 = Debug|Any CPU
		{2043306E-AB8D-4D1E-81FC-D759FE4B0556}.Release|Any CPU.ActiveCfg = Release|Any CPU
		{2043306E-AB8D-4D1E-81FC-D759FE4B0556}.Release|Any CPU.Build.0 = Release|Any CPU
	EndGlobalSection
	GlobalSection(SolutionProperties) = preSolution
		HideSolutionNode = FALSE
	EndGlobalSection
	GlobalSection(ExtensibilityGlobals) = postSolution
		SolutionGuid = {939050CD-30C1-4EF4-86FE-464D563F5E3C}
	EndGlobalSection
EndGlobal
